Microsoft Visual Studio Solution File, Format Version 12.00
# Visual Studio Version 17
VisualStudioVersion = 17.5.2.0
MinimumVisualStudioVersion = 10.0.40219.1
Project("{FAE04EC0-301F-11D3-BF4B-00C04F79EFBC}") = "CervicalAnalyzer", "CervicalAnalyzer.csproj", "{35AF856A-484A-7146-3152-D9B090F4A9F3}"
EndProject
Global
	GlobalSection(SolutionConfigurationPlatforms) = preSolution
		Debug|Any CPU = Debug|Any CPU
		Release|Any CPU = Release|Any CPU
	EndGlobalSection
	GlobalSection(ProjectConfigurationPlatforms) = postSolution
		{35AF856A-484A-7146-3152-D9B090F4A9F3}.Debug|Any CPU.ActiveCfg = Debug|Any CPU
		{35AF856A-484A-7146-3152-D9B090F4A9F3}.Debug|Any CPU.Build.0 = Debug|Any CPU
		{35AF856A-484A-7146-3152-D9B090F4A9F3}.Release|Any CPU.ActiveCfg = Release|Any CPU
		{35AF856A-484A-7146-3152-D9B090F4A9F3}.Release|Any CPU.Build.0 = Release|Any CPU
	EndGlobalSection
	GlobalSection(SolutionProperties) = preSolution
		HideSolutionNode = FALSE
	EndGlobalSection
	GlobalSection(ExtensibilityGlobals) = postSolution
		SolutionGuid = {2FA3B9C3-0578-4643-88C9-C807C6D6EE8A}
	EndGlobalSection
EndGlobal
