Microsoft Visual Studio Solution File, Format Version 12.00
# Visual Studio Version 17
VisualStudioVersion = 17.5.2.0
MinimumVisualStudioVersion = 10.0.40219.1
Project("{FAE04EC0-301F-11D3-BF4B-00C04F79EFBC}") = "CervicalForceSim", "CervicalForceSim.csproj", "{3440D782-C02C-0DE3-6520-B3C12726A25B}"
EndProject
Global
	GlobalSection(SolutionConfigurationPlatforms) = preSolution
		Debug|Any CPU = Debug|Any CPU
		Release|Any CPU = Release|Any CPU
	EndGlobalSection
	GlobalSection(ProjectConfigurationPlatforms) = postSolution
		{3440D782-C02C-0DE3-6520-B3C12726A25B}.Debug|Any CPU.ActiveCfg = Debug|Any CPU
		{3440D782-C02C-0DE3-6520-B3C12726A25B}.Debug|Any CPU.Build.0 = Debug|Any CPU
		{3440D782-C02C-0DE3-6520-B3C12726A25B}.Release|Any CPU.ActiveCfg = Release|Any CPU
		{3440D782-C02C-0DE3-6520-B3C12726A25B}.Release|Any CPU.Build.0 = Release|Any CPU
	EndGlobalSection
	GlobalSection(SolutionProperties) = preSolution
		HideSolutionNode = FALSE
	EndGlobalSection
	GlobalSection(ExtensibilityGlobals) = postSolution
		SolutionGuid = {82D4E908-1FDA-408D-926C-B49625E79A9D}
	EndGlobalSection
EndGlobal
